
Microsoft Visual Studio Solution File, Format Version 12.00
# Visual Studio 15
VisualStudioVersion = 15.0.28307.271
MinimumVisualStudioVersion = 10.0.40219.1
Project("{FAE04EC0-301F-11D3-BF4B-00C04F79EFBC}") = "PostPackage", "PostPackage\PostPackage.csproj", "{4039E3AF-A9E9-4668-B5D1-AC235C30CDEE}"
EndProject
Global
	GlobalSection(SolutionConfigurationPlatforms) = preSolution
		Debug|Any CPU = Debug|Any CPU
		Release|Any CPU = Release|Any CPU
	EndGlobalSection
	GlobalSection(ProjectConfigurationPlatforms) = postSolution
		{4039E3AF-A9E9-4668-B5D1-AC235C30CDEE}.Debug|Any CPU.ActiveCfg = Debug|Any CPU
		{4039E3AF-A9E9-4668-B5D1-AC235C30CDEE}.Debug|Any CPU.Build.0 = Debug|Any CPU
		{4039E3AF-A9E9-4668-B5D1-AC235C30CDEE}.Release|Any CPU.ActiveCfg = Release|Any CPU
		{4039E3AF-A9E9-4668-B5D1-AC235C30CDEE}.Release|Any CPU.Build.0 = Release|Any CPU
	EndGlobalSection
	GlobalSection(SolutionProperties) = preSolution
		HideSolutionNode = FALSE
	EndGlobalSection
	GlobalSection(ExtensibilityGlobals) = postSolution
		SolutionGuid = {789E62B8-60B4-4B3A-8A35-CBA5469CFEB5}
	EndGlobalSection
EndGlobal
